
Microsoft Visual Studio Solution File, Format Version 12.00
Project("{FAE04EC0-301F-11D3-BF4B-00C04F79EFBC}") = "EzSCIM.EntraID.Demo", "src\EzSCIM.EntraID.Demo\EzSCIM.EntraID.Demo.csproj", "{479C0B95-6152-4E89-B063-F4B13F6E2C7F}"
EndProject
Project("{FAE04EC0-301F-11D3-BF4B-00C04F79EFBC}") = "EzSCIM.UnitTests", "src\EzSCIM.UnitTests\EzSCIM.UnitTests.csproj", "{3A304B64-7FED-4FA2-8BED-C7B0C7D8AB7C}"
EndProject
Project("{FAE04EC0-301F-11D3-BF4B-00C04F79EFBC}") = "EzSCIM.EntraID.AppHost", "src\EzSCIM.EntraID.AppHost\EzSCIM.EntraID.AppHost.csproj", "{605CB515-8D90-4B18-8187-B0E1983F0EA8}"
EndProject
Project("{FAE04EC0-301F-11D3-BF4B-00C04F79EFBC}") = "EzSCIM.ServiceDefaults", "src\EzSCIM.ServiceDefaults\EzSCIM.ServiceDefaults.csproj", "{1A7C4C7A-A0ED-4484-BC8C-57F286C2798F}"
EndProject
Project("{FAE04EC0-301F-11D3-BF4B-00C04F79EFBC}") = "EzSCIM.IntegrationTests", "src\EzSCIM.IntegrationTests\EzSCIM.IntegrationTests.csproj", "{EAA8E86B-856A-462F-9D06-23190C5C4DE9}"
EndProject
Project("{FAE04EC0-301F-11D3-BF4B-00C04F79EFBC}") = "EzSCIM", "src\EzSCIM\EzSCIM.csproj", "{9662B88F-7EA6-4320-89B6-36BF0B80453C}"
EndProject
Project("{2150E333-8FDC-42A3-9474-1A3956D46DE8}") = "01 - Lib", "01 - Lib", "{0B9F230A-DBAE-4CBE-BCAB-E06F996310A2}"
EndProject
Project("{2150E333-8FDC-42A3-9474-1A3956D46DE8}") = "02 - Tests", "02 - Tests", "{30A9B443-7E75-47E0-A553-899CB4F4AC82}"
EndProject
Project("{2150E333-8FDC-42A3-9474-1A3956D46DE8}") = "03 - Demo", "03 - Demo", "{D69E4CBE-2987-4957-B7EC-F185F410BDC6}"
EndProject
Project("{FAE04EC0-301F-11D3-BF4B-00C04F79EFBC}") = "EzSCIM.EfCore", "src\EzSCIM.EfCore\EzSCIM.EfCore.csproj", "{3785F96A-5DFA-4576-BBEC-8F9E3E206FA3}"
EndProject
Project("{FAE04EC0-301F-11D3-BF4B-00C04F79EFBC}") = "EzSCIM.Demo.Data", "src\EzSCIM.Demo.Data\EzSCIM.Demo.Data.csproj", "{15175712-3D49-411B-BF10-801D0A2BCD54}"
EndProject
Global
	GlobalSection(SolutionConfigurationPlatforms) = preSolution
		Debug|Any CPU = Debug|Any CPU
		Debug|x64 = Debug|x64
		Debug|x86 = Debug|x86
		Release|Any CPU = Release|Any CPU
		Release|x64 = Release|x64
		Release|x86 = Release|x86
	EndGlobalSection
	GlobalSection(ProjectConfigurationPlatforms) = postSolution
		{479C0B95-6152-4E89-B063-F4B13F6E2C7F}.Debug|Any CPU.ActiveCfg = Debug|Any CPU
		{479C0B95-6152-4E89-B063-F4B13F6E2C7F}.Debug|Any CPU.Build.0 = Debug|Any CPU
		{479C0B95-6152-4E89-B063-F4B13F6E2C7F}.Debug|x64.ActiveCfg = Debug|Any CPU
		{479C0B95-6152-4E89-B063-F4B13F6E2C7F}.Debug|x64.Build.0 = Debug|Any CPU
		{479C0B95-6152-4E89-B063-F4B13F6E2C7F}.Debug|x86.ActiveCfg = Debug|Any CPU
		{479C0B95-6152-4E89-B063-F4B13F6E2C7F}.Debug|x86.Build.0 = Debug|Any CPU
		{479C0B95-6152-4E89-B063-F4B13F6E2C7F}.Release|Any CPU.ActiveCfg = Release|Any CPU
		{479C0B95-6152-4E89-B063-F4B13F6E2C7F}.Release|Any CPU.Build.0 = Release|Any CPU
		{479C0B95-6152-4E89-B063-F4B13F6E2C7F}.Release|x64.ActiveCfg = Release|Any CPU
		{479C0B95-6152-4E89-B063-F4B13F6E2C7F}.Release|x64.Build.0 = Release|Any CPU
		{479C0B95-6152-4E89-B063-F4B13F6E2C7F}.Release|x86.ActiveCfg = Release|Any CPU
		{479C0B95-6152-4E89-B063-F4B13F6E2C7F}.Release|x86.Build.0 = Release|Any CPU
		{3A304B64-7FED-4FA2-8BED-C7B0C7D8AB7C}.Debug|Any CPU.ActiveCfg = Debug|Any CPU
		{3A304B64-7FED-4FA2-8BED-C7B0C7D8AB7C}.Debug|Any CPU.Build.0 = Debug|Any CPU
		{3A304B64-7FED-4FA2-8BED-C7B0C7D8AB7C}.Debug|x64.ActiveCfg = Debug|Any CPU
		{3A304B64-7FED-4FA2-8BED-C7B0C7D8AB7C}.Debug|x64.Build.0 = Debug|Any CPU
		{3A304B64-7FED-4FA2-8BED-C7B0C7D8AB7C}.Debug|x86.ActiveCfg = Debug|Any CPU
		{3A304B64-7FED-4FA2-8BED-C7B0C7D8AB7C}.Debug|x86.Build.0 = Debug|Any CPU
		{3A304B64-7FED-4FA2-8BED-C7B0C7D8AB7C}.Release|Any CPU.ActiveCfg = Release|Any CPU
		{3A304B64-7FED-4FA2-8BED-C7B0C7D8AB7C}.Release|Any CPU.Build.0 = Release|Any CPU
		{3A304B64-7FED-4FA2-8BED-C7B0C7D8AB7C}.Release|x64.ActiveCfg = Release|Any CPU
		{3A304B64-7FED-4FA2-8BED-C7B0C7D8AB7C}.Release|x64.Build.0 = Release|Any CPU
		{3A304B64-7FED-4FA2-8BED-C7B0C7D8AB7C}.Release|x86.ActiveCfg = Release|Any CPU
		{3A304B64-7FED-4FA2-8BED-C7B0C7D8AB7C}.Release|x86.Build.0 = Release|Any CPU
		{605CB515-8D90-4B18-8187-B0E1983F0EA8}.Debug|Any CPU.ActiveCfg = Debug|Any CPU
		{605CB515-8D90-4B18-8187-B0E1983F0EA8}.Debug|Any CPU.Build.0 = Debug|Any CPU
		{605CB515-8D90-4B18-8187-B0E1983F0EA8}.Debug|x64.ActiveCfg = Debug|Any CPU
		{605CB515-8D90-4B18-8187-B0E1983F0EA8}.Debug|x64.Build.0 = Debug|Any CPU
		{605CB515-8D90-4B18-8187-B0E1983F0EA8}.Debug|x86.ActiveCfg = Debug|Any CPU
		{605CB515-8D90-4B18-8187-B0E1983F0EA8}.Debug|x86.Build.0 = Debug|Any CPU
		{605CB515-8D90-4B18-8187-B0E1983F0EA8}.Release|Any CPU.ActiveCfg = Release|Any CPU
		{605CB515-8D90-4B18-8187-B0E1983F0EA8}.Release|Any CPU.Build.0 = Release|Any CPU
		{605CB515-8D90-4B18-8187-B0E1983F0EA8}.Release|x64.ActiveCfg = Release|Any CPU
		{605CB515-8D90-4B18-8187-B0E1983F0EA8}.Release|x64.Build.0 = Release|Any CPU
		{605CB515-8D90-4B18-8187-B0E1983F0EA8}.Release|x86.ActiveCfg = Release|Any CPU
		{605CB515-8D90-4B18-8187-B0E1983F0EA8}.Release|x86.Build.0 = Release|Any CPU
		{1A7C4C7A-A0ED-4484-BC8C-57F286C2798F}.Debug|Any CPU.ActiveCfg = Debug|Any CPU
		{1A7C4C7A-A0ED-4484-BC8C-57F286C2798F}.Debug|Any CPU.Build.0 = Debug|Any CPU
		{1A7C4C7A-A0ED-4484-BC8C-57F286C2798F}.Debug|x64.ActiveCfg = Debug|Any CPU
		{1A7C4C7A-A0ED-4484-BC8C-57F286C2798F}.Debug|x64.Build.0 = Debug|Any CPU
		{1A7C4C7A-A0ED-4484-BC8C-57F286C2798F}.Debug|x86.ActiveCfg = Debug|Any CPU
		{1A7C4C7A-A0ED-4484-BC8C-57F286C2798F}.Debug|x86.Build.0 = Debug|Any CPU
		{1A7C4C7A-A0ED-4484-BC8C-57F286C2798F}.Release|Any CPU.ActiveCfg = Release|Any CPU
		{1A7C4C7A-A0ED-4484-BC8C-57F286C2798F}.Release|Any CPU.Build.0 = Release|Any CPU
		{1A7C4C7A-A0ED-4484-BC8C-57F286C2798F}.Release|x64.ActiveCfg = Release|Any CPU
		{1A7C4C7A-A0ED-4484-BC8C-57F286C2798F}.Release|x64.Build.0 = Release|Any CPU
		{1A7C4C7A-A0ED-4484-BC8C-57F286C2798F}.Release|x86.ActiveCfg = Release|Any CPU
		{1A7C4C7A-A0ED-4484-BC8C-57F286C2798F}.Release|x86.Build.0 = Release|Any CPU
		{EAA8E86B-856A-462F-9D06-23190C5C4DE9}.Debug|Any CPU.ActiveCfg = Debug|Any CPU
		{EAA8E86B-856A-462F-9D06-23190C5C4DE9}.Debug|Any CPU.Build.0 = Debug|Any CPU
		{EAA8E86B-856A-462F-9D06-23190C5C4DE9}.Debug|x64.ActiveCfg = Debug|Any CPU
		{EAA8E86B-856A-462F-9D06-23190C5C4DE9}.Debug|x64.Build.0 = Debug|Any CPU
		{EAA8E86B-856A-462F-9D06-23190C5C4DE9}.Debug|x86.ActiveCfg = Debug|Any CPU
		{EAA8E86B-856A-462F-9D06-23190C5C4DE9}.Debug|x86.Build.0 = Debug|Any CPU
		{EAA8E86B-856A-462F-9D06-23190C5C4DE9}.Release|Any CPU.ActiveCfg = Release|Any CPU
		{EAA8E86B-856A-462F-9D06-23190C5C4DE9}.Release|Any CPU.Build.0 = Release|Any CPU
		{EAA8E86B-856A-462F-9D06-23190C5C4DE9}.Release|x64.ActiveCfg = Release|Any CPU
		{EAA8E86B-856A-462F-9D06-23190C5C4DE9}.Release|x64.Build.0 = Release|Any CPU
		{EAA8E86B-856A-462F-9D06-23190C5C4DE9}.Release|x86.ActiveCfg = Release|Any CPU
		{EAA8E86B-856A-462F-9D06-23190C5C4DE9}.Release|x86.Build.0 = Release|Any CPU
		{9662B88F-7EA6-4320-89B6-36BF0B80453C}.Debug|Any CPU.ActiveCfg = Debug|Any CPU
		{9662B88F-7EA6-4320-89B6-36BF0B80453C}.Debug|Any CPU.Build.0 = Debug|Any CPU
		{9662B88F-7EA6-4320-89B6-36BF0B80453C}.Debug|x64.ActiveCfg = Debug|Any CPU
		{9662B88F-7EA6-4320-89B6-36BF0B80453C}.Debug|x64.Build.0 = Debug|Any CPU
		{9662B88F-7EA6-4320-89B6-36BF0B80453C}.Debug|x86.ActiveCfg = Debug|Any CPU
		{9662B88F-7EA6-4320-89B6-36BF0B80453C}.Debug|x86.Build.0 = Debug|Any CPU
		{9662B88F-7EA6-4320-89B6-36BF0B80453C}.Release|Any CPU.ActiveCfg = Release|Any CPU
		{9662B88F-7EA6-4320-89B6-36BF0B80453C}.Release|Any CPU.Build.0 = Release|Any CPU
		{9662B88F-7EA6-4320-89B6-36BF0B80453C}.Release|x64.ActiveCfg = Release|Any CPU
		{9662B88F-7EA6-4320-89B6-36BF0B80453C}.Release|x64.Build.0 = Release|Any CPU
		{9662B88F-7EA6-4320-89B6-36BF0B80453C}.Release|x86.ActiveCfg = Release|Any CPU
		{9662B88F-7EA6-4320-89B6-36BF0B80453C}.Release|x86.Build.0 = Release|Any CPU
		{3785F96A-5DFA-4576-BBEC-8F9E3E206FA3}.Debug|Any CPU.ActiveCfg = Debug|Any CPU
		{3785F96A-5DFA-4576-BBEC-8F9E3E206FA3}.Debug|Any CPU.Build.0 = Debug|Any CPU
		{3785F96A-5DFA-4576-BBEC-8F9E3E206FA3}.Debug|x64.ActiveCfg = Debug|Any CPU
		{3785F96A-5DFA-4576-BBEC-8F9E3E206FA3}.Debug|x64.Build.0 = Debug|Any CPU
		{3785F96A-5DFA-4576-BBEC-8F9E3E206FA3}.Debug|x86.ActiveCfg = Debug|Any CPU
		{3785F96A-5DFA-4576-BBEC-8F9E3E206FA3}.Debug|x86.Build.0 = Debug|Any CPU
		{3785F96A-5DFA-4576-BBEC-8F9E3E206FA3}.Release|Any CPU.ActiveCfg = Release|Any CPU
		{3785F96A-5DFA-4576-BBEC-8F9E3E206FA3}.Release|Any CPU.Build.0 = Release|Any CPU
		{3785F96A-5DFA-4576-BBEC-8F9E3E206FA3}.Release|x64.ActiveCfg = Release|Any CPU
		{3785F96A-5DFA-4576-BBEC-8F9E3E206FA3}.Release|x64.Build.0 = Release|Any CPU
		{3785F96A-5DFA-4576-BBEC-8F9E3E206FA3}.Release|x86.ActiveCfg = Release|Any CPU
		{3785F96A-5DFA-4576-BBEC-8F9E3E206FA3}.Release|x86.Build.0 = Release|Any CPU
		{15175712-3D49-411B-BF10-801D0A2BCD54}.Debug|Any CPU.ActiveCfg = Debug|Any CPU
		{15175712-3D49-411B-BF10-801D0A2BCD54}.Debug|Any CPU.Build.0 = Debug|Any CPU
		{15175712-3D49-411B-BF10-801D0A2BCD54}.Debug|x64.ActiveCfg = Debug|Any CPU
		{15175712-3D49-411B-BF10-801D0A2BCD54}.Debug|x64.Build.0 = Debug|Any CPU
		{15175712-3D49-411B-BF10-801D0A2BCD54}.Debug|x86.ActiveCfg = Debug|Any CPU
		{15175712-3D49-411B-BF10-801D0A2BCD54}.Debug|x86.Build.0 = Debug|Any CPU
		{15175712-3D49-411B-BF10-801D0A2BCD54}.Release|Any CPU.ActiveCfg = Release|Any CPU
		{15175712-3D49-411B-BF10-801D0A2BCD54}.Release|Any CPU.Build.0 = Release|Any CPU
		{15175712-3D49-411B-BF10-801D0A2BCD54}.Release|x64.ActiveCfg = Release|Any CPU
		{15175712-3D49-411B-BF10-801D0A2BCD54}.Release|x64.Build.0 = Release|Any CPU
		{15175712-3D49-411B-BF10-801D0A2BCD54}.Release|x86.ActiveCfg = Release|Any CPU
		{15175712-3D49-411B-BF10-801D0A2BCD54}.Release|x86.Build.0 = Release|Any CPU
	EndGlobalSection
	GlobalSection(SolutionProperties) = preSolution
		HideSolutionNode = FALSE
	EndGlobalSection
	GlobalSection(NestedProjects) = preSolution
		{479C0B95-6152-4E89-B063-F4B13F6E2C7F} = {D69E4CBE-2987-4957-B7EC-F185F410BDC6}
		{3A304B64-7FED-4FA2-8BED-C7B0C7D8AB7C} = {30A9B443-7E75-47E0-A553-899CB4F4AC82}
		{605CB515-8D90-4B18-8187-B0E1983F0EA8} = {D69E4CBE-2987-4957-B7EC-F185F410BDC6}
		{1A7C4C7A-A0ED-4484-BC8C-57F286C2798F} = {D69E4CBE-2987-4957-B7EC-F185F410BDC6}
		{EAA8E86B-856A-462F-9D06-23190C5C4DE9} = {30A9B443-7E75-47E0-A553-899CB4F4AC82}
		{9662B88F-7EA6-4320-89B6-36BF0B80453C} = {0B9F230A-DBAE-4CBE-BCAB-E06F996310A2}
		{3785F96A-5DFA-4576-BBEC-8F9E3E206FA3} = {0B9F230A-DBAE-4CBE-BCAB-E06F996310A2}
		{15175712-3D49-411B-BF10-801D0A2BCD54} = {0B9F230A-DBAE-4CBE-BCAB-E06F996310A2}
	EndGlobalSection
EndGlobal
